
Microsoft Visual Studio Solution File, Format Version 12.00
# Visual Studio Version 17
VisualStudioVersion = 17.0.31903.59
MinimumVisualStudioVersion = 10.0.40219.1
Project("{2150E333-8FDC-42A3-9474-1A3956D46DE8}") = "src", "src", "{827E0CD3-B72D-47B6-A68D-7590B98EB39B}"
EndProject
Project("{FAE04EC0-301F-11D3-BF4B-00C04F79EFBC}") = "Tasker.Application", "src\Tasker.Application\Tasker.Application.csproj", "{24A254FC-D1B9-46E3-89F2-6A8416BC4449}"
EndProject
Project("{FAE04EC0-301F-11D3-BF4B-00C04F79EFBC}") = "Tasker.Domain", "src\Tasker.Domain\Tasker.Domain.csproj", "{545C02A8-7936-4657-8EE9-7D9AF77175D2}"
EndProject
Project("{FAE04EC0-301F-11D3-BF4B-00C04F79EFBC}") = "Tasker.Infrastructure", "src\Tasker.Infrastructure\Tasker.Infrastructure.csproj", "{F13D61C1-B60A-42B6-999D-B190EA2B1EAF}"
EndProject
Project("{FAE04EC0-301F-11D3-BF4B-00C04F79EFBC}") = "Tasker.Api", "src\Tasker.Api\Tasker.Api.csproj", "{F9912B09-6C72-4C5E-B11B-4ACFEE5FDE2C}"
EndProject
Project("{2150E333-8FDC-42A3-9474-1A3956D46DE8}") = "Shared", "Shared", "{76280889-B548-4EE9-B6C4-418D84CDAF3C}"
EndProject
Project("{FAE04EC0-301F-11D3-BF4B-00C04F79EFBC}") = "Tasker.Shared.Abstractions", "src\Tasker.Shared.Abstractions\Tasker.Shared.Abstractions.csproj", "{B54642E0-AFDF-463B-906F-38B837E7874E}"
EndProject
Project("{FAE04EC0-301F-11D3-BF4B-00C04F79EFBC}") = "Tasker.Shared", "src\Tasker.Shared\Tasker.Shared.csproj", "{28A7443B-B660-4527-AFD8-771EFC156E19}"
EndProject
Project("{2150E333-8FDC-42A3-9474-1A3956D46DE8}") = "tests", "tests", "{0AB3BF05-4346-4AA6-1389-037BE0695223}"
EndProject
Project("{FAE04EC0-301F-11D3-BF4B-00C04F79EFBC}") = "Tasker.Application.Tests", "tests\Tasker.Application.Tests\Tasker.Application.Tests.csproj", "{215F41CC-296E-4494-912F-974796CAD812}"
EndProject
Global
	GlobalSection(SolutionConfigurationPlatforms) = preSolution
		Debug|Any CPU = Debug|Any CPU
		Debug|x64 = Debug|x64
		Debug|x86 = Debug|x86
		Release|Any CPU = Release|Any CPU
		Release|x64 = Release|x64
		Release|x86 = Release|x86
	EndGlobalSection
	GlobalSection(ProjectConfigurationPlatforms) = postSolution
		{24A254FC-D1B9-46E3-89F2-6A8416BC4449}.Debug|Any CPU.ActiveCfg = Debug|Any CPU
		{24A254FC-D1B9-46E3-89F2-6A8416BC4449}.Debug|Any CPU.Build.0 = Debug|Any CPU
		{24A254FC-D1B9-46E3-89F2-6A8416BC4449}.Debug|x64.ActiveCfg = Debug|Any CPU
		{24A254FC-D1B9-46E3-89F2-6A8416BC4449}.Debug|x64.Build.0 = Debug|Any CPU
		{24A254FC-D1B9-46E3-89F2-6A8416BC4449}.Debug|x86.ActiveCfg = Debug|Any CPU
		{24A254FC-D1B9-46E3-89F2-6A8416BC4449}.Debug|x86.Build.0 = Debug|Any CPU
		{24A254FC-D1B9-46E3-89F2-6A8416BC4449}.Release|Any CPU.ActiveCfg = Release|Any CPU
		{24A254FC-D1B9-46E3-89F2-6A8416BC4449}.Release|Any CPU.Build.0 = Release|Any CPU
		{24A254FC-D1B9-46E3-89F2-6A8416BC4449}.Release|x64.ActiveCfg = Release|Any CPU
		{24A254FC-D1B9-46E3-89F2-6A8416BC4449}.Release|x64.Build.0 = Release|Any CPU
		{24A254FC-D1B9-46E3-89F2-6A8416BC4449}.Release|x86.ActiveCfg = Release|Any CPU
		{24A254FC-D1B9-46E3-89F2-6A8416BC4449}.Release|x86.Build.0 = Release|Any CPU
		{545C02A8-7936-4657-8EE9-7D9AF77175D2}.Debug|Any CPU.ActiveCfg = Debug|Any CPU
		{545C02A8-7936-4657-8EE9-7D9AF77175D2}.Debug|Any CPU.Build.0 = Debug|Any CPU
		{545C02A8-7936-4657-8EE9-7D9AF77175D2}.Debug|x64.ActiveCfg = Debug|Any CPU
		{545C02A8-7936-4657-8EE9-7D9AF77175D2}.Debug|x64.Build.0 = Debug|Any CPU
		{545C02A8-7936-4657-8EE9-7D9AF77175D2}.Debug|x86.ActiveCfg = Debug|Any CPU
		{545C02A8-7936-4657-8EE9-7D9AF77175D2}.Debug|x86.Build.0 = Debug|Any CPU
		{545C02A8-7936-4657-8EE9-7D9AF77175D2}.Release|Any CPU.ActiveCfg = Release|Any CPU
		{545C02A8-7936-4657-8EE9-7D9AF77175D2}.Release|Any CPU.Build.0 = Release|Any CPU
		{545C02A8-7936-4657-8EE9-7D9AF77175D2}.Release|x64.ActiveCfg = Release|Any CPU
		{545C02A8-7936-4657-8EE9-7D9AF77175D2}.Release|x64.Build.0 = Release|Any CPU
		{545C02A8-7936-4657-8EE9-7D9AF77175D2}.Release|x86.ActiveCfg = Release|Any CPU
		{545C02A8-7936-4657-8EE9-7D9AF77175D2}.Release|x86.Build.0 = Release|Any CPU
		{F13D61C1-B60A-42B6-999D-B190EA2B1EAF}.Debug|Any CPU.ActiveCfg = Debug|Any CPU
		{F13D61C1-B60A-42B6-999D-B190EA2B1EAF}.Debug|Any CPU.Build.0 = Debug|Any CPU
		{F13D61C1-B60A-42B6-999D-B190EA2B1EAF}.Debug|x64.ActiveCfg = Debug|Any CPU
		{F13D61C1-B60A-42B6-999D-B190EA2B1EAF}.Debug|x64.Build.0 = Debug|Any CPU
		{F13D61C1-B60A-42B6-999D-B190EA2B1EAF}.Debug|x86.ActiveCfg = Debug|Any CPU
		{F13D61C1-B60A-42B6-999D-B190EA2B1EAF}.Debug|x86.Build.0 = Debug|Any CPU
		{F13D61C1-B60A-42B6-999D-B190EA2B1EAF}.Release|Any CPU.ActiveCfg = Release|Any CPU
		{F13D61C1-B60A-42B6-999D-B190EA2B1EAF}.Release|Any CPU.Build.0 = Release|Any CPU
		{F13D61C1-B60A-42B6-999D-B190EA2B1EAF}.Release|x64.ActiveCfg = Release|Any CPU
		{F13D61C1-B60A-42B6-999D-B190EA2B1EAF}.Release|x64.Build.0 = Release|Any CPU
		{F13D61C1-B60A-42B6-999D-B190EA2B1EAF}.Release|x86.ActiveCfg = Release|Any CPU
		{F13D61C1-B60A-42B6-999D-B190EA2B1EAF}.Release|x86.Build.0 = Release|Any CPU
		{F9912B09-6C72-4C5E-B11B-4ACFEE5FDE2C}.Debug|Any CPU.ActiveCfg = Debug|Any CPU
		{F9912B09-6C72-4C5E-B11B-4ACFEE5FDE2C}.Debug|Any CPU.Build.0 = Debug|Any CPU
		{F9912B09-6C72-4C5E-B11B-4ACFEE5FDE2C}.Debug|x64.ActiveCfg = Debug|Any CPU
		{F9912B09-6C72-4C5E-B11B-4ACFEE5FDE2C}.Debug|x64.Build.0 = Debug|Any CPU
		{F9912B09-6C72-4C5E-B11B-4ACFEE5FDE2C}.Debug|x86.ActiveCfg = Debug|Any CPU
		{F9912B09-6C72-4C5E-B11B-4ACFEE5FDE2C}.Debug|x86.Build.0 = Debug|Any CPU
		{F9912B09-6C72-4C5E-B11B-4ACFEE5FDE2C}.Release|Any CPU.ActiveCfg = Release|Any CPU
		{F9912B09-6C72-4C5E-B11B-4ACFEE5FDE2C}.Release|Any CPU.Build.0 = Release|Any CPU
		{F9912B09-6C72-4C5E-B11B-4ACFEE5FDE2C}.Release|x64.ActiveCfg = Release|Any CPU
		{F9912B09-6C72-4C5E-B11B-4ACFEE5FDE2C}.Release|x64.Build.0 = Release|Any CPU
		{F9912B09-6C72-4C5E-B11B-4ACFEE5FDE2C}.Release|x86.ActiveCfg = Release|Any CPU
		{F9912B09-6C72-4C5E-B11B-4ACFEE5FDE2C}.Release|x86.Build.0 = Release|Any CPU
		{B54642E0-AFDF-463B-906F-38B837E7874E}.Debug|Any CPU.ActiveCfg = Debug|Any CPU
		{B54642E0-AFDF-463B-906F-38B837E7874E}.Debug|Any CPU.Build.0 = Debug|Any CPU
		{B54642E0-AFDF-463B-906F-38B837E7874E}.Debug|x64.ActiveCfg = Debug|Any CPU
		{B54642E0-AFDF-463B-906F-38B837E7874E}.Debug|x64.Build.0 = Debug|Any CPU
		{B54642E0-AFDF-463B-906F-38B837E7874E}.Debug|x86.ActiveCfg = Debug|Any CPU
		{B54642E0-AFDF-463B-906F-38B837E7874E}.Debug|x86.Build.0 = Debug|Any CPU
		{B54642E0-AFDF-463B-906F-38B837E7874E}.Release|Any CPU.ActiveCfg = Release|Any CPU
		{B54642E0-AFDF-463B-906F-38B837E7874E}.Release|Any CPU.Build.0 = Release|Any CPU
		{B54642E0-AFDF-463B-906F-38B837E7874E}.Release|x64.ActiveCfg = Release|Any CPU
		{B54642E0-AFDF-463B-906F-38B837E7874E}.Release|x64.Build.0 = Release|Any CPU
		{B54642E0-AFDF-463B-906F-38B837E7874E}.Release|x86.ActiveCfg = Release|Any CPU
		{B54642E0-AFDF-463B-906F-38B837E7874E}.Release|x86.Build.0 = Release|Any CPU
		{28A7443B-B660-4527-AFD8-771EFC156E19}.Debug|Any CPU.ActiveCfg = Debug|Any CPU
		{28A7443B-B660-4527-AFD8-771EFC156E19}.Debug|Any CPU.Build.0 = Debug|Any CPU
		{28A7443B-B660-4527-AFD8-771EFC156E19}.Debug|x64.ActiveCfg = Debug|Any CPU
		{28A7443B-B660-4527-AFD8-771EFC156E19}.Debug|x64.Build.0 = Debug|Any CPU
		{28A7443B-B660-4527-AFD8-771EFC156E19}.Debug|x86.ActiveCfg = Debug|Any CPU
		{28A7443B-B660-4527-AFD8-771EFC156E19}.Debug|x86.Build.0 = Debug|Any CPU
		{28A7443B-B660-4527-AFD8-771EFC156E19}.Release|Any CPU.ActiveCfg = Release|Any CPU
		{28A7443B-B660-4527-AFD8-771EFC156E19}.Release|Any CPU.Build.0 = Release|Any CPU
		{28A7443B-B660-4527-AFD8-771EFC156E19}.Release|x64.ActiveCfg = Release|Any CPU
		{28A7443B-B660-4527-AFD8-771EFC156E19}.Release|x64.Build.0 = Release|Any CPU
		{28A7443B-B660-4527-AFD8-771EFC156E19}.Release|x86.ActiveCfg = Release|Any CPU
		{28A7443B-B660-4527-AFD8-771EFC156E19}.Release|x86.Build.0 = Release|Any CPU
		{215F41CC-296E-4494-912F-974796CAD812}.Debug|Any CPU.ActiveCfg = Debug|Any CPU
		{215F41CC-296E-4494-912F-974796CAD812}.Debug|Any CPU.Build.0 = Debug|Any CPU
		{215F41CC-296E-4494-912F-974796CAD812}.Debug|x64.ActiveCfg = Debug|Any CPU
		{215F41CC-296E-4494-912F-974796CAD812}.Debug|x64.Build.0 = Debug|Any CPU
		{215F41CC-296E-4494-912F-974796CAD812}.Debug|x86.ActiveCfg = Debug|Any CPU
		{215F41CC-296E-4494-912F-974796CAD812}.Debug|x86.Build.0 = Debug|Any CPU
		{215F41CC-296E-4494-912F-974796CAD812}.Release|Any CPU.ActiveCfg = Release|Any CPU
		{215F41CC-296E-4494-912F-974796CAD812}.Release|Any CPU.Build.0 = Release|Any CPU
		{215F41CC-296E-4494-912F-974796CAD812}.Release|x64.ActiveCfg = Release|Any CPU
		{215F41CC-296E-4494-912F-974796CAD812}.Release|x64.Build.0 = Release|Any CPU
		{215F41CC-296E-4494-912F-974796CAD812}.Release|x86.ActiveCfg = Release|Any CPU
		{215F41CC-296E-4494-912F-974796CAD812}.Release|x86.Build.0 = Release|Any CPU
	EndGlobalSection
	GlobalSection(SolutionProperties) = preSolution
		HideSolutionNode = FALSE
	EndGlobalSection
	GlobalSection(NestedProjects) = preSolution
		{24A254FC-D1B9-46E3-89F2-6A8416BC4449} = {827E0CD3-B72D-47B6-A68D-7590B98EB39B}
		{545C02A8-7936-4657-8EE9-7D9AF77175D2} = {827E0CD3-B72D-47B6-A68D-7590B98EB39B}
		{F13D61C1-B60A-42B6-999D-B190EA2B1EAF} = {827E0CD3-B72D-47B6-A68D-7590B98EB39B}
		{F9912B09-6C72-4C5E-B11B-4ACFEE5FDE2C} = {827E0CD3-B72D-47B6-A68D-7590B98EB39B}
		{B54642E0-AFDF-463B-906F-38B837E7874E} = {76280889-B548-4EE9-B6C4-418D84CDAF3C}
		{28A7443B-B660-4527-AFD8-771EFC156E19} = {76280889-B548-4EE9-B6C4-418D84CDAF3C}
		{215F41CC-296E-4494-912F-974796CAD812} = {0AB3BF05-4346-4AA6-1389-037BE0695223}
	EndGlobalSection
EndGlobal
